// !$*UTF8*$!
{
	archiveVersion = 1;
	classes = {
	};
	objectVersion = 56;
	objects = {

/* Begin PBXBuildFile section */
		11D3371F2A1409B900209F62 /* Encodable.swift in Sources */ = {isa = PBXBuildFile; fileRef = 11D3371E2A1409B900209F62 /* Encodable.swift */; };
		11D337212A1409CC00209F62 /* Dictionary.swift in Sources */ = {isa = PBXBuildFile; fileRef = 11D337202A1409CC00209F62 /* Dictionary.swift */; };
		11D337232A1409DC00209F62 /* Score.swift in Sources */ = {isa = PBXBuildFile; fileRef = 11D337222A1409DC00209F62 /* Score.swift */; };
		11D337252A1409F100209F62 /* User.swift in Sources */ = {isa = PBXBuildFile; fileRef = 11D337242A1409F100209F62 /* User.swift */; };
		11D337292A140AE400209F62 /* Dummy.swift in Sources */ = {isa = PBXBuildFile; fileRef = 11D337282A140AE400209F62 /* Dummy.swift */; };
		11F001DE28E5C9300088226C /* SwiftCodeKit.h in Headers */ = {isa = PBXBuildFile; fileRef = 11F001DD28E5C9300088226C /* SwiftCodeKit.h */; settings = {ATTRIBUTES = (Public, ); }; };
		11F001E528E5C94C0088226C /* SwiftCodeKit.swift in Sources */ = {isa = PBXBuildFile; fileRef = 11F001E428E5C94C0088226C /* SwiftCodeKit.swift */; };
		11F001E728E5C95E0088226C /* SwiftCodeKitBridging.swift in Sources */ = {isa = PBXBuildFile; fileRef = 11F001E628E5C95E0088226C /* SwiftCodeKitBridging.swift */; };
		11F001E928E5CB5A0088226C /* SwiftCodeKitViewController.swift in Sources */ = {isa = PBXBuildFile; fileRef = 11F001E828E5CB5A0088226C /* SwiftCodeKitViewController.swift */; };
/* End PBXBuildFile section */

/* Begin PBXFileReference section */
		11D3371E2A1409B900209F62 /* Encodable.swift */ = {isa = PBXFileReference; lastKnownFileType = sourcecode.swift; path = Encodable.swift; sourceTree = "<group>"; };
		11D337202A1409CC00209F62 /* Dictionary.swift */ = {isa = PBXFileReference; lastKnownFileType = sourcecode.swift; path = Dictionary.swift; sourceTree = "<group>"; };
		11D337222A1409DC00209F62 /* Score.swift */ = {isa = PBXFileReference; lastKnownFileType = sourcecode.swift; path = Score.swift; sourceTree = "<group>"; };
		11D337242A1409F100209F62 /* User.swift */ = {isa = PBXFileReference; lastKnownFileType = sourcecode.swift; path = User.swift; sourceTree = "<group>"; };
		11D337282A140AE400209F62 /* Dummy.swift */ = {isa = PBXFileReference; lastKnownFileType = sourcecode.swift; path = Dummy.swift; sourceTree = "<group>"; };
		11F001DA28E5C9300088226C /* SwiftCodeKit.framework */ = {isa = PBXFileReference; explicitFileType = wrapper.framework; includeInIndex = 0; path = SwiftCodeKit.framework; sourceTree = BUILT_PRODUCTS_DIR; };
		11F001DD28E5C9300088226C /* SwiftCodeKit.h */ = {isa = PBXFileReference; lastKnownFileType = sourcecode.c.h; path = SwiftCodeKit.h; sourceTree = "<group>"; };
		11F001E428E5C94C0088226C /* SwiftCodeKit.swift */ = {isa = PBXFileReference; lastKnownFileType = sourcecode.swift; path = SwiftCodeKit.swift; sourceTree = "<group>"; };
		11F001E628E5C95E0088226C /* SwiftCodeKitBridging.swift */ = {isa = PBXFileReference; lastKnownFileType = sourcecode.swift; path = SwiftCodeKitBridging.swift; sourceTree = "<group>"; };
		11F001E828E5CB5A0088226C /* SwiftCodeKitViewController.swift */ = {isa = PBXFileReference; lastKnownFileType = sourcecode.swift; path = SwiftCodeKitViewController.swift; sourceTree = "<group>"; };
/* End PBXFileReference section */

/* Begin PBXFrameworksBuildPhase section */
		11F001D728E5C9300088226C /* Frameworks */ = {
			isa = PBXFrameworksBuildPhase;
			buildActionMask = 2147483647;
			files = (
			);
			runOnlyForDeploymentPostprocessing = 0;
		};
/* End PBXFrameworksBuildPhase section */

/* Begin PBXGroup section */
		11D337262A1409FD00209F62 /* Models */ = {
			isa = PBXGroup;
			children = (
				11D337242A1409F100209F62 /* User.swift */,
				11D337222A1409DC00209F62 /* Score.swift */,
			);
			path = Models;
			sourceTree = "<group>";
		};
		11D337272A140A0200209F62 /* Extensions */ = {
			isa = PBXGroup;
			children = (
				11D337202A1409CC00209F62 /* Dictionary.swift */,
				11D3371E2A1409B900209F62 /* Encodable.swift */,
			);
			path = Extensions;
			sourceTree = "<group>";
		};
		11F001D028E5C9300088226C = {
			isa = PBXGroup;
			children = (
				11F001DC28E5C9300088226C /* SwiftCodeKit */,
				11F001DB28E5C9300088226C /* Products */,
			);
			sourceTree = "<group>";
		};
		11F001DB28E5C9300088226C /* Products */ = {
			isa = PBXGroup;
			children = (
				11F001DA28E5C9300088226C /* SwiftCodeKit.framework */,
			);
			name = Products;
			sourceTree = "<group>";
		};
		11F001DC28E5C9300088226C /* SwiftCodeKit */ = {
			isa = PBXGroup;
			children = (
				11D337272A140A0200209F62 /* Extensions */,
				11D337262A1409FD00209F62 /* Models */,
				11F001DD28E5C9300088226C /* SwiftCodeKit.h */,
				11F001E428E5C94C0088226C /* SwiftCodeKit.swift */,
				11F001E828E5CB5A0088226C /* SwiftCodeKitViewController.swift */,
				11F001E628E5C95E0088226C /* SwiftCodeKitBridging.swift */,
				11D337282A140AE400209F62 /* Dummy.swift */,
			);
			path = SwiftCodeKit;
			sourceTree = "<group>";
		};
/* End PBXGroup section */

/* Begin PBXHeadersBuildPhase section */
		11F001D528E5C9300088226C /* Headers */ = {
			isa = PBXHeadersBuildPhase;
			buildActionMask = 2147483647;
			files = (
				11F001DE28E5C9300088226C /* SwiftCodeKit.h in Headers */,
			);
			runOnlyForDeploymentPostprocessing = 0;
		};
/* End PBXHeadersBuildPhase section */

/* Begin PBXNativeTarget section */
		11F001D928E5C9300088226C /* SwiftCodeKit */ = {
			isa = PBXNativeTarget;
			buildConfigurationList = 11F001E128E5C9300088226C /* Build configuration list for PBXNativeTarget "SwiftCodeKit" */;
			buildPhases = (
				11F001D528E5C9300088226C /* Headers */,
				11F001D628E5C9300088226C /* Sources */,
				11F001D728E5C9300088226C /* Frameworks */,
				11F001D828E5C9300088226C /* Resources */,
			);
			buildRules = (
			);
			dependencies = (
			);
			name = SwiftCodeKit;
			productName = SwiftCodeKit;
			productReference = 11F001DA28E5C9300088226C /* SwiftCodeKit.framework */;
			productType = "com.apple.product-type.framework";
		};
/* End PBXNativeTarget section */

/* Begin PBXProject section */
		11F001D128E5C9300088226C /* Project object */ = {
			isa = PBXProject;
			attributes = {
				BuildIndependentTargetsInParallel = 1;
				LastUpgradeCheck = 1400;
				TargetAttributes = {
					11F001D928E5C9300088226C = {
						CreatedOnToolsVersion = 14.0;
						LastSwiftMigration = 1400;
					};
				};
			};
			buildConfigurationList = 11F001D428E5C9300088226C /* Build configuration list for PBXProject "SwiftCodeKit" */;
			compatibilityVersion = "Xcode 14.0";
			developmentRegion = en;
			hasScannedForEncodings = 0;
			knownRegions = (
				en,
				Base,
			);
			mainGroup = 11F001D028E5C9300088226C;
			productRefGroup = 11F001DB28E5C9300088226C /* Products */;
			projectDirPath = "";
			projectRoot = "";
			targets = (
				11F001D928E5C9300088226C /* SwiftCodeKit */,
			);
		};
/* End PBXProject section */

/* Begin PBXResourcesBuildPhase section */
		11F001D828E5C9300088226C /* Resources */ = {
			isa = PBXResourcesBuildPhase;
			buildActionMask = 2147483647;
			files = (
			);
			runOnlyForDeploymentPostprocessing = 0;
		};
/* End PBXResourcesBuildPhase section */

/* Begin PBXSourcesBuildPhase section */
		11F001D628E5C9300088226C /* Sources */ = {
			isa = PBXSourcesBuildPhase;
			buildActionMask = 2147483647;
			files = (
				11F001E528E5C94C0088226C /* SwiftCodeKit.swift in Sources */,
				11D337212A1409CC00209F62 /* Dictionary.swift in Sources */,
				11D337292A140AE400209F62 /* Dummy.swift in Sources */,
				11F001E728E5C95E0088226C /* SwiftCodeKitBridging.swift in Sources */,
				11F001E928E5CB5A0088226C /* SwiftCodeKitViewController.swift in Sources */,
				11D337232A1409DC00209F62 /* Score.swift in Sources */,
				11D3371F2A1409B900209F62 /* Encodable.swift in Sources */,
				11D337252A1409F100209F62 /* User.swift in Sources */,
			);
			runOnlyForDeploymentPostprocessing = 0;
		};
/* End PBXSourcesBuildPhase section */

/* Begin XCBuildConfiguration section */
		11F001DF28E5C9300088226C /* Debug */ = {
			isa = XCBuildConfiguration;
			buildSettings = {
				ALWAYS_SEARCH_USER_PATHS = NO;
				CLANG_ANALYZER_NONNULL = YES;
				CLANG_ANALYZER_NUMBER_OBJECT_CONVERSION = YES_AGGRESSIVE;
				CLANG_CXX_LANGUAGE_STANDARD = "gnu++20";
				CLANG_ENABLE_MODULES = YES;
				CLANG_ENABLE_OBJC_ARC = YES;
				CLANG_ENABLE_OBJC_WEAK = YES;
				CLANG_WARN_BLOCK_CAPTURE_AUTORELEASING = YES;
				CLANG_WARN_BOOL_CONVERSION = YES;
				CLANG_WARN_COMMA = YES;
				CLANG_WARN_CONSTANT_CONVERSION = YES;
				CLANG_WARN_DEPRECATED_OBJC_IMPLEMENTATIONS = YES;
				CLANG_WARN_DIRECT_OBJC_ISA_USAGE = YES_ERROR;
				CLANG_WARN_DOCUMENTATION_COMMENTS = YES;
				CLANG_WARN_EMPTY_BODY = YES;
				CLANG_WARN_ENUM_CONVERSION = YES;
				CLANG_WARN_INFINITE_RECURSION = YES;
				CLANG_WARN_INT_CONVERSION = YES;
				CLANG_WARN_NON_LITERAL_NULL_CONVERSION = YES;
				CLANG_WARN_OBJC_IMPLICIT_RETAIN_SELF = YES;
				CLANG_WARN_OBJC_LITERAL_CONVERSION = YES;
				CLANG_WARN_OBJC_ROOT_CLASS = YES_ERROR;
				CLANG_WARN_QUOTED_INCLUDE_IN_FRAMEWORK_HEADER = YES;
				CLANG_WARN_RANGE_LOOP_ANALYSIS = YES;
				CLANG_WARN_STRICT_PROTOTYPES = YES;
				CLANG_WARN_SUSPICIOUS_MOVE = YES;
				CLANG_WARN_UNGUARDED_AVAILABILITY = YES_AGGRESSIVE;
				CLANG_WARN_UNREACHABLE_CODE = YES;
				CLANG_WARN__DUPLICATE_METHOD_MATCH = YES;
				COPY_PHASE_STRIP = NO;
				CURRENT_PROJECT_VERSION = 1;
				DEBUG_INFORMATION_FORMAT = dwarf;
				ENABLE_STRICT_OBJC_MSGSEND = YES;
				ENABLE_TESTABILITY = YES;
				GCC_C_LANGUAGE_STANDARD = gnu11;
				GCC_DYNAMIC_NO_PIC = NO;
				GCC_NO_COMMON_BLOCKS = YES;
				GCC_OPTIMIZATION_LEVEL = 0;
				GCC_PREPROCESSOR_DEFINITIONS = (
					"DEBUG=1",
					"$(inherited)",
				);
				GCC_WARN_64_TO_32_BIT_CONVERSION = YES;
				GCC_WARN_ABOUT_RETURN_TYPE = YES_ERROR;
				GCC_WARN_UNDECLARED_SELECTOR = YES;
				GCC_WARN_UNINITIALIZED_AUTOS = YES_AGGRESSIVE;
				GCC_WARN_UNUSED_FUNCTION = YES;
				GCC_WARN_UNUSED_VARIABLE = YES;
				IPHONEOS_DEPLOYMENT_TARGET = 16.0;
				MTL_ENABLE_DEBUG_INFO = INCLUDE_SOURCE;
				MTL_FAST_MATH = YES;
				ONLY_ACTIVE_ARCH = YES;
				SDKROOT = iphoneos;
				SWIFT_ACTIVE_COMPILATION_CONDITIONS = DEBUG;
				SWIFT_OPTIMIZATION_LEVEL = "-Onone";
				VERSIONING_SYSTEM = "apple-generic";
				VERSION_INFO_PREFIX = "";
			};
			name = Debug;
		};
		11F001E028E5C9300088226C /* Release */ = {
			isa = XCBuildConfiguration;
			buildSettings = {
				ALWAYS_SEARCH_USER_PATHS = NO;
				CLANG_ANALYZER_NONNULL = YES;
				CLANG_ANALYZER_NUMBER_OBJECT_CONVERSION = YES_AGGRESSIVE;
				CLANG_CXX_LANGUAGE_STANDARD = "gnu++20";
				CLANG_ENABLE_MODULES = YES;
				CLANG_ENABLE_OBJC_ARC = YES;
				CLANG_ENABLE_OBJC_WEAK = YES;
				CLANG_WARN_BLOCK_CAPTURE_AUTORELEASING = YES;
				CLANG_WARN_BOOL_CONVERSION = YES;
				CLANG_WARN_COMMA = YES;
				CLANG_WARN_CONSTANT_CONVERSION = YES;
				CLANG_WARN_DEPRECATED_OBJC_IMPLEMENTATIONS = YES;
				CLANG_WARN_DIRECT_OBJC_ISA_USAGE = YES_ERROR;
				CLANG_WARN_DOCUMENTATION_COMMENTS = YES;
				CLANG_WARN_EMPTY_BODY = YES;
				CLANG_WARN_ENUM_CONVERSION = YES;
				CLANG_WARN_INFINITE_RECURSION = YES;
				CLANG_WARN_INT_CONVERSION = YES;
				CLANG_WARN_NON_LITERAL_NULL_CONVERSION = YES;
				CLANG_WARN_OBJC_IMPLICIT_RETAIN_SELF = YES;
				CLANG_WARN_OBJC_LITERAL_CONVERSION = YES;
				CLANG_WARN_OBJC_ROOT_CLASS = YES_ERROR;
				CLANG_WARN_QUOTED_INCLUDE_IN_FRAMEWORK_HEADER = YES;
				CLANG_WARN_RANGE_LOOP_ANALYSIS = YES;
				CLANG_WARN_STRICT_PROTOTYPES = YES;
				CLANG_WARN_SUSPICIOUS_MOVE = YES;
				CLANG_WARN_UNGUARDED_AVAILABILITY = YES_AGGRESSIVE;
				CLANG_WARN_UNREACHABLE_CODE = YES;
				CLANG_WARN__DUPLICATE_METHOD_MATCH = YES;
				COPY_PHASE_STRIP = NO;
				CURRENT_PROJECT_VERSION = 1;
				DEBUG_INFORMATION_FORMAT = "dwarf-with-dsym";
				ENABLE_NS_ASSERTIONS = NO;
				ENABLE_STRICT_OBJC_MSGSEND = YES;
				GCC_C_LANGUAGE_STANDARD = gnu11;
				GCC_NO_COMMON_BLOCKS = YES;
				GCC_WARN_64_TO_32_BIT_CONVERSION = YES;
				GCC_WARN_ABOUT_RETURN_TYPE = YES_ERROR;
				GCC_WARN_UNDECLARED_SELECTOR = YES;
				GCC_WARN_UNINITIALIZED_AUTOS = YES_AGGRESSIVE;
				GCC_WARN_UNUSED_FUNCTION = YES;
				GCC_WARN_UNUSED_VARIABLE = YES;
				IPHONEOS_DEPLOYMENT_TARGET = 16.0;
				MTL_ENABLE_DEBUG_INFO = NO;
				MTL_FAST_MATH = YES;
				SDKROOT = iphoneos;
				SWIFT_COMPILATION_MODE = wholemodule;
				SWIFT_OPTIMIZATION_LEVEL = "-O";
				VALIDATE_PRODUCT = YES;
				VERSIONING_SYSTEM = "apple-generic";
				VERSION_INFO_PREFIX = "";
			};
			name = Release;
		};
		11F001E228E5C9300088226C /* Debug */ = {
			isa = XCBuildConfiguration;
			buildSettings = {
				CLANG_ENABLE_MODULES = YES;
				CODE_SIGN_STYLE = Automatic;
				CURRENT_PROJECT_VERSION = 1;
				DEFINES_MODULE = YES;
				DEVELOPMENT_TEAM = W3W5448YAM;
				DYLIB_COMPATIBILITY_VERSION = 1;
				DYLIB_CURRENT_VERSION = 1;
				DYLIB_INSTALL_NAME_BASE = "@rpath";
				ENABLE_BITCODE = NO;
				GENERATE_INFOPLIST_FILE = YES;
				INFOPLIST_KEY_NSHumanReadableCopyright = "";
				INSTALL_PATH = "$(LOCAL_LIBRARY_DIR)/Frameworks";
				IPHONEOS_DEPLOYMENT_TARGET = 14.0;
				LD_RUNPATH_SEARCH_PATHS = (
					"$(inherited)",
					"@executable_path/Frameworks",
					"@loader_path/Frameworks",
				);
				MARKETING_VERSION = 1.0;
				PRODUCT_BUNDLE_IDENTIFIER = com.maxkalik.SwiftCodeKit;
				PRODUCT_NAME = "$(TARGET_NAME:c99extidentifier)";
				SKIP_INSTALL = YES;
				SUPPORTED_PLATFORMS = "iphoneos iphonesimulator";
				SUPPORTS_MACCATALYST = NO;
				SUPPORTS_MAC_DESIGNED_FOR_IPHONE_IPAD = NO;
				SWIFT_EMIT_LOC_STRINGS = YES;
				SWIFT_OPTIMIZATION_LEVEL = "-Onone";
				SWIFT_VERSION = 5.0;
				TARGETED_DEVICE_FAMILY = 1;
			};
			name = Debug;
		};
		11F001E328E5C9300088226C /* Release */ = {
			isa = XCBuildConfiguration;
			buildSettings = {
				CLANG_ENABLE_MODULES = YES;
				CODE_SIGN_STYLE = Automatic;
				CURRENT_PROJECT_VERSION = 1;
				DEFINES_MODULE = YES;
				DEVELOPMENT_TEAM = W3W5448YAM;
				DYLIB_COMPATIBILITY_VERSION = 1;
				DYLIB_CURRENT_VERSION = 1;
				DYLIB_INSTALL_NAME_BASE = "@rpath";
				ENABLE_BITCODE = NO;
				GENERATE_INFOPLIST_FILE = YES;
				INFOPLIST_KEY_NSHumanReadableCopyright = "";
				INSTALL_PATH = "$(LOCAL_LIBRARY_DIR)/Frameworks";
				IPHONEOS_DEPLOYMENT_TARGET = 14.0;
				LD_RUNPATH_SEARCH_PATHS = (
					"$(inherited)",
					"@executable_path/Frameworks",
					"@loader_path/Frameworks",
				);
				MARKETING_VERSION = 1.0;
				PRODUCT_BUNDLE_IDENTIFIER = com.maxkalik.SwiftCodeKit;
				PRODUCT_NAME = "$(TARGET_NAME:c99extidentifier)";
				SKIP_INSTALL = YES;
				SUPPORTED_PLATFORMS = "iphoneos iphonesimulator";
				SUPPORTS_MACCATALYST = NO;
				SUPPORTS_MAC_DESIGNED_FOR_IPHONE_IPAD = NO;
				SWIFT_EMIT_LOC_STRINGS = YES;
				SWIFT_VERSION = 5.0;
				TARGETED_DEVICE_FAMILY = 1;
			};
			name = Release;
		};
/* End XCBuildConfiguration section */

/* Begin XCConfigurationList section */
		11F001D428E5C9300088226C /* Build configuration list for PBXProject "SwiftCodeKit" */ = {
			isa = XCConfigurationList;
			buildConfigurations = (
				11F001DF28E5C9300088226C /* Debug */,
				11F001E028E5C9300088226C /* Release */,
			);
			defaultConfigurationIsVisible = 0;
			defaultConfigurationName = Release;
		};
		11F001E128E5C9300088226C /* Build configuration list for PBXNativeTarget "SwiftCodeKit" */ = {
			isa = XCConfigurationList;
			buildConfigurations = (
				11F001E228E5C9300088226C /* Debug */,
				11F001E328E5C9300088226C /* Release */,
			);
			defaultConfigurationIsVisible = 0;
			defaultConfigurationName = Release;
		};
/* End XCConfigurationList section */
	};
	rootObject = 11F001D128E5C9300088226C /* Project object */;
}
